
Microsoft Visual Studio Solution File, Format Version 12.00
# Visual Studio Version 17
VisualStudioVersion = 17.8.34330.188
MinimumVisualStudioVersion = 10.0.40219.1
Project("{FAE04EC0-301F-11D3-BF4B-00C04F79EFBC}") = "WebShop", "WebShop\WebShop.csproj", "{0B780C73-95CC-4779-A894-9E7D1E4E449D}"
EndProject
Global
	GlobalSection(SolutionConfigurationPlatforms) = preSolution
		Debug|Any CPU = Debug|Any CPU
		Release|Any CPU = Release|Any CPU
	EndGlobalSection
	GlobalSection(ProjectConfigurationPlatforms) = postSolution
		{0B780C73-95CC-4779-A894-9E7D1E4E449D}.Debug|Any CPU.ActiveCfg = Debug|Any CPU
		{0B780C73-95CC-4779-A894-9E7D1E4E449D}.Debug|Any CPU.Build.0 = Debug|Any CPU
		{0B780C73-95CC-4779-A894-9E7D1E4E449D}.Release|Any CPU.ActiveCfg = Release|Any CPU
		{0B780C73-95CC-4779-A894-9E7D1E4E449D}.Release|Any CPU.Build.0 = Release|Any CPU
	EndGlobalSection
	GlobalSection(SolutionProperties) = preSolution
		HideSolutionNode = FALSE
	EndGlobalSection
	GlobalSection(ExtensibilityGlobals) = postSolution
		SolutionGuid = {DAB90DF2-CE5D-403D-9773-65620A58BEA0}
	EndGlobalSection
EndGlobal
